// !$*UTF8*$!
{
	archiveVersion = 1;
	classes = {
	};
	objectVersion = 52;
	objects = {

/* Begin PBXBuildFile section */
		57A06D7523EAD2AA00C1E00C /* AppDelegate.swift in Sources */ = {isa = PBXBuildFile; fileRef = 57A06D7423EAD2AA00C1E00C /* AppDelegate.swift */; };
		57A06D7723EAD2AA00C1E00C /* SceneDelegate.swift in Sources */ = {isa = PBXBuildFile; fileRef = 57A06D7623EAD2AA00C1E00C /* SceneDelegate.swift */; };
		57A06D7E23EAD2AB00C1E00C /* Assets.xcassets in Resources */ = {isa = PBXBuildFile; fileRef = 57A06D7D23EAD2AB00C1E00C /* Assets.xcassets */; };
		57A06D8123EAD2AB00C1E00C /* LaunchScreen.storyboard in Resources */ = {isa = PBXBuildFile; fileRef = 57A06D7F23EAD2AB00C1E00C /* LaunchScreen.storyboard */; };
		57A06D8D23EAD41900C1E00C /* NYTTabController.swift in Sources */ = {isa = PBXBuildFile; fileRef = 57A06D8C23EAD41900C1E00C /* NYTTabController.swift */; };
		57A06D8F23EAD43B00C1E00C /* NYTBestsellersController.swift in Sources */ = {isa = PBXBuildFile; fileRef = 57A06D8E23EAD43B00C1E00C /* NYTBestsellersController.swift */; };
		57A06D9123EAD47000C1E00C /* FavoritesViewController.swift in Sources */ = {isa = PBXBuildFile; fileRef = 57A06D9023EAD47000C1E00C /* FavoritesViewController.swift */; };
		57A06D9323EAD48000C1E00C /* SettingsViewController.swift in Sources */ = {isa = PBXBuildFile; fileRef = 57A06D9223EAD48000C1E00C /* SettingsViewController.swift */; };
		57A06D9523EAD49F00C1E00C /* BookDetailViewController.swift in Sources */ = {isa = PBXBuildFile; fileRef = 57A06D9423EAD49F00C1E00C /* BookDetailViewController.swift */; };
		57A06D9723EAD50700C1E00C /* NYTBook.swift in Sources */ = {isa = PBXBuildFile; fileRef = 57A06D9623EAD50700C1E00C /* NYTBook.swift */; };
		57A06D9923EAD52F00C1E00C /* NYTAPIClient.swift in Sources */ = {isa = PBXBuildFile; fileRef = 57A06D9823EAD52F00C1E00C /* NYTAPIClient.swift */; };
		57A06D9C23EAD56000C1E00C /* NYTBestSellersView.swift in Sources */ = {isa = PBXBuildFile; fileRef = 57A06D9B23EAD56000C1E00C /* NYTBestSellersView.swift */; };
		57A06D9E23EAD59100C1E00C /* FavoritesView.swift in Sources */ = {isa = PBXBuildFile; fileRef = 57A06D9D23EAD59100C1E00C /* FavoritesView.swift */; };
		57A06DA023EAD5B900C1E00C /* BookDetailView.swift in Sources */ = {isa = PBXBuildFile; fileRef = 57A06D9F23EAD5B900C1E00C /* BookDetailView.swift */; };
		57A06DA223EAD5DB00C1E00C /* SettingsView.swift in Sources */ = {isa = PBXBuildFile; fileRef = 57A06DA123EAD5DB00C1E00C /* SettingsView.swift */; };
		57A06DA523EAD62600C1E00C /* ImageKit in Frameworks */ = {isa = PBXBuildFile; productRef = 57A06DA423EAD62600C1E00C /* ImageKit */; };
		57EB4C8D23EB1CBC00425DD7 /* Secrets.swift in Sources */ = {isa = PBXBuildFile; fileRef = 57EB4C8C23EB1CBC00425DD7 /* Secrets.swift */; };
/* End PBXBuildFile section */

/* Begin PBXFileReference section */
		57A06D7123EAD2AA00C1E00C /* NYTBooks-Group-Project.app */ = {isa = PBXFileReference; explicitFileType = wrapper.application; includeInIndex = 0; path = "NYTBooks-Group-Project.app"; sourceTree = BUILT_PRODUCTS_DIR; };
		57A06D7423EAD2AA00C1E00C /* AppDelegate.swift */ = {isa = PBXFileReference; lastKnownFileType = sourcecode.swift; path = AppDelegate.swift; sourceTree = "<group>"; };
		57A06D7623EAD2AA00C1E00C /* SceneDelegate.swift */ = {isa = PBXFileReference; lastKnownFileType = sourcecode.swift; path = SceneDelegate.swift; sourceTree = "<group>"; };
		57A06D7D23EAD2AB00C1E00C /* Assets.xcassets */ = {isa = PBXFileReference; lastKnownFileType = folder.assetcatalog; path = Assets.xcassets; sourceTree = "<group>"; };
		57A06D8023EAD2AB00C1E00C /* Base */ = {isa = PBXFileReference; lastKnownFileType = file.storyboard; name = Base; path = Base.lproj/LaunchScreen.storyboard; sourceTree = "<group>"; };
		57A06D8223EAD2AB00C1E00C /* Info.plist */ = {isa = PBXFileReference; lastKnownFileType = text.plist.xml; path = Info.plist; sourceTree = "<group>"; };
		57A06D8C23EAD41900C1E00C /* NYTTabController.swift */ = {isa = PBXFileReference; lastKnownFileType = sourcecode.swift; path = NYTTabController.swift; sourceTree = "<group>"; };
		57A06D8E23EAD43B00C1E00C /* NYTBestsellersController.swift */ = {isa = PBXFileReference; lastKnownFileType = sourcecode.swift; path = NYTBestsellersController.swift; sourceTree = "<group>"; };
		57A06D9023EAD47000C1E00C /* FavoritesViewController.swift */ = {isa = PBXFileReference; lastKnownFileType = sourcecode.swift; path = FavoritesViewController.swift; sourceTree = "<group>"; };
		57A06D9223EAD48000C1E00C /* SettingsViewController.swift */ = {isa = PBXFileReference; lastKnownFileType = sourcecode.swift; path = SettingsViewController.swift; sourceTree = "<group>"; };
		57A06D9423EAD49F00C1E00C /* BookDetailViewController.swift */ = {isa = PBXFileReference; lastKnownFileType = sourcecode.swift; path = BookDetailViewController.swift; sourceTree = "<group>"; };
		57A06D9623EAD50700C1E00C /* NYTBook.swift */ = {isa = PBXFileReference; lastKnownFileType = sourcecode.swift; path = NYTBook.swift; sourceTree = "<group>"; };
		57A06D9823EAD52F00C1E00C /* NYTAPIClient.swift */ = {isa = PBXFileReference; lastKnownFileType = sourcecode.swift; path = NYTAPIClient.swift; sourceTree = "<group>"; };
		57A06D9B23EAD56000C1E00C /* NYTBestSellersView.swift */ = {isa = PBXFileReference; lastKnownFileType = sourcecode.swift; path = NYTBestSellersView.swift; sourceTree = "<group>"; };
		57A06D9D23EAD59100C1E00C /* FavoritesView.swift */ = {isa = PBXFileReference; lastKnownFileType = sourcecode.swift; path = FavoritesView.swift; sourceTree = "<group>"; };
		57A06D9F23EAD5B900C1E00C /* BookDetailView.swift */ = {isa = PBXFileReference; lastKnownFileType = sourcecode.swift; path = BookDetailView.swift; sourceTree = "<group>"; };
		57A06DA123EAD5DB00C1E00C /* SettingsView.swift */ = {isa = PBXFileReference; lastKnownFileType = sourcecode.swift; path = SettingsView.swift; sourceTree = "<group>"; };
		57EB4C8C23EB1CBC00425DD7 /* Secrets.swift */ = {isa = PBXFileReference; lastKnownFileType = sourcecode.swift; path = Secrets.swift; sourceTree = "<group>"; };
/* End PBXFileReference section */

/* Begin PBXFrameworksBuildPhase section */
		57A06D6E23EAD2AA00C1E00C /* Frameworks */ = {
			isa = PBXFrameworksBuildPhase;
			buildActionMask = 2147483647;
			files = (
				57A06DA523EAD62600C1E00C /* ImageKit in Frameworks */,
			);
			runOnlyForDeploymentPostprocessing = 0;
		};
/* End PBXFrameworksBuildPhase section */

/* Begin PBXGroup section */
		57A06D6823EAD2AA00C1E00C = {
			isa = PBXGroup;
			children = (
				57A06D7323EAD2AA00C1E00C /* NYTBooks-Group-Project */,
				57A06D7223EAD2AA00C1E00C /* Products */,
			);
			sourceTree = "<group>";
		};
		57A06D7223EAD2AA00C1E00C /* Products */ = {
			isa = PBXGroup;
			children = (
				57A06D7123EAD2AA00C1E00C /* NYTBooks-Group-Project.app */,
			);
			name = Products;
			sourceTree = "<group>";
		};
		57A06D7323EAD2AA00C1E00C /* NYTBooks-Group-Project */ = {
			isa = PBXGroup;
			children = (
				57EB4C8B23EB1CA800425DD7 /* Secrets */,
				57A06D9A23EAD53800C1E00C /* Network Services */,
				57A06D8A23EAD3B200C1E00C /* Models */,
				57A06D8B23EAD3BB00C1E00C /* Views */,
				57A06D8923EAD3AA00C1E00C /* Controllers */,
				57A06D8823EAD39D00C1E00C /* Supporting Files */,
				57A06D8223EAD2AB00C1E00C /* Info.plist */,
			);
			path = "NYTBooks-Group-Project";
			sourceTree = "<group>";
		};
		57A06D8823EAD39D00C1E00C /* Supporting Files */ = {
			isa = PBXGroup;
			children = (
				57A06D7423EAD2AA00C1E00C /* AppDelegate.swift */,
				57A06D7623EAD2AA00C1E00C /* SceneDelegate.swift */,
				57A06D7D23EAD2AB00C1E00C /* Assets.xcassets */,
				57A06D7F23EAD2AB00C1E00C /* LaunchScreen.storyboard */,
			);
			path = "Supporting Files";
			sourceTree = "<group>";
		};
		57A06D8923EAD3AA00C1E00C /* Controllers */ = {
			isa = PBXGroup;
			children = (
				57A06D8C23EAD41900C1E00C /* NYTTabController.swift */,
				57A06D8E23EAD43B00C1E00C /* NYTBestsellersController.swift */,
				57A06D9423EAD49F00C1E00C /* BookDetailViewController.swift */,
				57A06D9023EAD47000C1E00C /* FavoritesViewController.swift */,
				57A06D9223EAD48000C1E00C /* SettingsViewController.swift */,
			);
			path = Controllers;
			sourceTree = "<group>";
		};
		57A06D8A23EAD3B200C1E00C /* Models */ = {
			isa = PBXGroup;
			children = (
				57A06D9623EAD50700C1E00C /* NYTBook.swift */,
			);
			path = Models;
			sourceTree = "<group>";
		};
		57A06D8B23EAD3BB00C1E00C /* Views */ = {
			isa = PBXGroup;
			children = (
				57A06D9B23EAD56000C1E00C /* NYTBestSellersView.swift */,
				57A06D9D23EAD59100C1E00C /* FavoritesView.swift */,
				57A06D9F23EAD5B900C1E00C /* BookDetailView.swift */,
				57A06DA123EAD5DB00C1E00C /* SettingsView.swift */,
			);
			path = Views;
			sourceTree = "<group>";
		};
		57A06D9A23EAD53800C1E00C /* Network Services */ = {
			isa = PBXGroup;
			children = (
				57A06D9823EAD52F00C1E00C /* NYTAPIClient.swift */,
			);
			path = "Network Services";
			sourceTree = "<group>";
		};
		57EB4C8B23EB1CA800425DD7 /* Secrets */ = {
			isa = PBXGroup;
			children = (
				57EB4C8C23EB1CBC00425DD7 /* Secrets.swift */,
			);
			path = Secrets;
			sourceTree = "<group>";
		};
/* End PBXGroup section */

/* Begin PBXNativeTarget section */
		57A06D7023EAD2AA00C1E00C /* NYTBooks-Group-Project */ = {
			isa = PBXNativeTarget;
			buildConfigurationList = 57A06D8523EAD2AB00C1E00C /* Build configuration list for PBXNativeTarget "NYTBooks-Group-Project" */;
			buildPhases = (
				57A06D6D23EAD2AA00C1E00C /* Sources */,
				57A06D6E23EAD2AA00C1E00C /* Frameworks */,
				57A06D6F23EAD2AA00C1E00C /* Resources */,
			);
			buildRules = (
			);
			dependencies = (
			);
			name = "NYTBooks-Group-Project";
			packageProductDependencies = (
				57A06DA423EAD62600C1E00C /* ImageKit */,
			);
			productName = "NYTBooks-Group-Project";
			productReference = 57A06D7123EAD2AA00C1E00C /* NYTBooks-Group-Project.app */;
			productType = "com.apple.product-type.application";
		};
/* End PBXNativeTarget section */

/* Begin PBXProject section */
		57A06D6923EAD2AA00C1E00C /* Project object */ = {
			isa = PBXProject;
			attributes = {
				LastSwiftUpdateCheck = 1130;
				LastUpgradeCheck = 1130;
				ORGANIZATIONNAME = "Alex Paul";
				TargetAttributes = {
					57A06D7023EAD2AA00C1E00C = {
						CreatedOnToolsVersion = 11.3;
					};
				};
			};
			buildConfigurationList = 57A06D6C23EAD2AA00C1E00C /* Build configuration list for PBXProject "NYTBooks-Group-Project" */;
			compatibilityVersion = "Xcode 9.3";
			developmentRegion = en;
			hasScannedForEncodings = 0;
			knownRegions = (
				en,
				Base,
			);
			mainGroup = 57A06D6823EAD2AA00C1E00C;
			packageReferences = (
				57A06DA323EAD62600C1E00C /* XCRemoteSwiftPackageReference "ImageKit" */,
			);
			productRefGroup = 57A06D7223EAD2AA00C1E00C /* Products */;
			projectDirPath = "";
			projectRoot = "";
			targets = (
				57A06D7023EAD2AA00C1E00C /* NYTBooks-Group-Project */,
			);
		};
/* End PBXProject section */

/* Begin PBXResourcesBuildPhase section */
		57A06D6F23EAD2AA00C1E00C /* Resources */ = {
			isa = PBXResourcesBuildPhase;
			buildActionMask = 2147483647;
			files = (
				57A06D8123EAD2AB00C1E00C /* LaunchScreen.storyboard in Resources */,
				57A06D7E23EAD2AB00C1E00C /* Assets.xcassets in Resources */,
			);
			runOnlyForDeploymentPostprocessing = 0;
		};
/* End PBXResourcesBuildPhase section */

/* Begin PBXSourcesBuildPhase section */
		57A06D6D23EAD2AA00C1E00C /* Sources */ = {
			isa = PBXSourcesBuildPhase;
			buildActionMask = 2147483647;
			files = (
				57A06D9E23EAD59100C1E00C /* FavoritesView.swift in Sources */,
				57A06D8F23EAD43B00C1E00C /* NYTBestsellersController.swift in Sources */,
				57A06D8D23EAD41900C1E00C /* NYTTabController.swift in Sources */,
				57A06D7523EAD2AA00C1E00C /* AppDelegate.swift in Sources */,
				57A06DA023EAD5B900C1E00C /* BookDetailView.swift in Sources */,
				57A06D9123EAD47000C1E00C /* FavoritesViewController.swift in Sources */,
				57A06D9523EAD49F00C1E00C /* BookDetailViewController.swift in Sources */,
				57A06D7723EAD2AA00C1E00C /* SceneDelegate.swift in Sources */,
				57A06D9923EAD52F00C1E00C /* NYTAPIClient.swift in Sources */,
				57EB4C8D23EB1CBC00425DD7 /* Secrets.swift in Sources */,
				57A06D9723EAD50700C1E00C /* NYTBook.swift in Sources */,
				57A06D9323EAD48000C1E00C /* SettingsViewController.swift in Sources */,
				57A06D9C23EAD56000C1E00C /* NYTBestSellersView.swift in Sources */,
				57A06DA223EAD5DB00C1E00C /* SettingsView.swift in Sources */,
			);
			runOnlyForDeploymentPostprocessing = 0;
		};
/* End PBXSourcesBuildPhase section */

/* Begin PBXVariantGroup section */
		57A06D7F23EAD2AB00C1E00C /* LaunchScreen.storyboard */ = {
			isa = PBXVariantGroup;
			children = (
				57A06D8023EAD2AB00C1E00C /* Base */,
			);
			name = LaunchScreen.storyboard;
			sourceTree = "<group>";
		};
/* End PBXVariantGroup section */

/* Begin XCBuildConfiguration section */
		57A06D8323EAD2AB00C1E00C /* Debug */ = {
			isa = XCBuildConfiguration;
			buildSettings = {
				ALWAYS_SEARCH_USER_PATHS = NO;
				CLANG_ANALYZER_NONNULL = YES;
				CLANG_ANALYZER_NUMBER_OBJECT_CONVERSION = YES_AGGRESSIVE;
				CLANG_CXX_LANGUAGE_STANDARD = "gnu++14";
				CLANG_CXX_LIBRARY = "libc++";
				CLANG_ENABLE_MODULES = YES;
				CLANG_ENABLE_OBJC_ARC = YES;
				CLANG_ENABLE_OBJC_WEAK = YES;
				CLANG_WARN_BLOCK_CAPTURE_AUTORELEASING = YES;
				CLANG_WARN_BOOL_CONVERSION = YES;
				CLANG_WARN_COMMA = YES;
				CLANG_WARN_CONSTANT_CONVERSION = YES;
				CLANG_WARN_DEPRECATED_OBJC_IMPLEMENTATIONS = YES;
				CLANG_WARN_DIRECT_OBJC_ISA_USAGE = YES_ERROR;
				CLANG_WARN_DOCUMENTATION_COMMENTS = YES;
				CLANG_WARN_EMPTY_BODY = YES;
				CLANG_WARN_ENUM_CONVERSION = YES;
				CLANG_WARN_INFINITE_RECURSION = YES;
				CLANG_WARN_INT_CONVERSION = YES;
				CLANG_WARN_NON_LITERAL_NULL_CONVERSION = YES;
				CLANG_WARN_OBJC_IMPLICIT_RETAIN_SELF = YES;
				CLANG_WARN_OBJC_LITERAL_CONVERSION = YES;
				CLANG_WARN_OBJC_ROOT_CLASS = YES_ERROR;
				CLANG_WARN_RANGE_LOOP_ANALYSIS = YES;
				CLANG_WARN_STRICT_PROTOTYPES = YES;
				CLANG_WARN_SUSPICIOUS_MOVE = YES;
				CLANG_WARN_UNGUARDED_AVAILABILITY = YES_AGGRESSIVE;
				CLANG_WARN_UNREACHABLE_CODE = YES;
				CLANG_WARN__DUPLICATE_METHOD_MATCH = YES;
				COPY_PHASE_STRIP = NO;
				DEBUG_INFORMATION_FORMAT = dwarf;
				ENABLE_STRICT_OBJC_MSGSEND = YES;
				ENABLE_TESTABILITY = YES;
				GCC_C_LANGUAGE_STANDARD = gnu11;
				GCC_DYNAMIC_NO_PIC = NO;
				GCC_NO_COMMON_BLOCKS = YES;
				GCC_OPTIMIZATION_LEVEL = 0;
				GCC_PREPROCESSOR_DEFINITIONS = (
					"DEBUG=1",
					"$(inherited)",
				);
				GCC_WARN_64_TO_32_BIT_CONVERSION = YES;
				GCC_WARN_ABOUT_RETURN_TYPE = YES_ERROR;
				GCC_WARN_UNDECLARED_SELECTOR = YES;
				GCC_WARN_UNINITIALIZED_AUTOS = YES_AGGRESSIVE;
				GCC_WARN_UNUSED_FUNCTION = YES;
				GCC_WARN_UNUSED_VARIABLE = YES;
				IPHONEOS_DEPLOYMENT_TARGET = 13.2;
				MTL_ENABLE_DEBUG_INFO = INCLUDE_SOURCE;
				MTL_FAST_MATH = YES;
				ONLY_ACTIVE_ARCH = YES;
				SDKROOT = iphoneos;
				SWIFT_ACTIVE_COMPILATION_CONDITIONS = DEBUG;
				SWIFT_OPTIMIZATION_LEVEL = "-Onone";
			};
			name = Debug;
		};
		57A06D8423EAD2AB00C1E00C /* Release */ = {
			isa = XCBuildConfiguration;
			buildSettings = {
				ALWAYS_SEARCH_USER_PATHS = NO;
				CLANG_ANALYZER_NONNULL = YES;
				CLANG_ANALYZER_NUMBER_OBJECT_CONVERSION = YES_AGGRESSIVE;
				CLANG_CXX_LANGUAGE_STANDARD = "gnu++14";
				CLANG_CXX_LIBRARY = "libc++";
				CLANG_ENABLE_MODULES = YES;
				CLANG_ENABLE_OBJC_ARC = YES;
				CLANG_ENABLE_OBJC_WEAK = YES;
				CLANG_WARN_BLOCK_CAPTURE_AUTORELEASING = YES;
				CLANG_WARN_BOOL_CONVERSION = YES;
				CLANG_WARN_COMMA = YES;
				CLANG_WARN_CONSTANT_CONVERSION = YES;
				CLANG_WARN_DEPRECATED_OBJC_IMPLEMENTATIONS = YES;
				CLANG_WARN_DIRECT_OBJC_ISA_USAGE = YES_ERROR;
				CLANG_WARN_DOCUMENTATION_COMMENTS = YES;
				CLANG_WARN_EMPTY_BODY = YES;
				CLANG_WARN_ENUM_CONVERSION = YES;
				CLANG_WARN_INFINITE_RECURSION = YES;
				CLANG_WARN_INT_CONVERSION = YES;
				CLANG_WARN_NON_LITERAL_NULL_CONVERSION = YES;
				CLANG_WARN_OBJC_IMPLICIT_RETAIN_SELF = YES;
				CLANG_WARN_OBJC_LITERAL_CONVERSION = YES;
				CLANG_WARN_OBJC_ROOT_CLASS = YES_ERROR;
				CLANG_WARN_RANGE_LOOP_ANALYSIS = YES;
				CLANG_WARN_STRICT_PROTOTYPES = YES;
				CLANG_WARN_SUSPICIOUS_MOVE = YES;
				CLANG_WARN_UNGUARDED_AVAILABILITY = YES_AGGRESSIVE;
				CLANG_WARN_UNREACHABLE_CODE = YES;
				CLANG_WARN__DUPLICATE_METHOD_MATCH = YES;
				COPY_PHASE_STRIP = NO;
				DEBUG_INFORMATION_FORMAT = "dwarf-with-dsym";
				ENABLE_NS_ASSERTIONS = NO;
				ENABLE_STRICT_OBJC_MSGSEND = YES;
				GCC_C_LANGUAGE_STANDARD = gnu11;
				GCC_NO_COMMON_BLOCKS = YES;
				GCC_WARN_64_TO_32_BIT_CONVERSION = YES;
				GCC_WARN_ABOUT_RETURN_TYPE = YES_ERROR;
				GCC_WARN_UNDECLARED_SELECTOR = YES;
				GCC_WARN_UNINITIALIZED_AUTOS = YES_AGGRESSIVE;
				GCC_WARN_UNUSED_FUNCTION = YES;
				GCC_WARN_UNUSED_VARIABLE = YES;
				IPHONEOS_DEPLOYMENT_TARGET = 13.2;
				MTL_ENABLE_DEBUG_INFO = NO;
				MTL_FAST_MATH = YES;
				SDKROOT = iphoneos;
				SWIFT_COMPILATION_MODE = wholemodule;
				SWIFT_OPTIMIZATION_LEVEL = "-O";
				VALIDATE_PRODUCT = YES;
			};
			name = Release;
		};
		57A06D8623EAD2AB00C1E00C /* Debug */ = {
			isa = XCBuildConfiguration;
			buildSettings = {
				ASSETCATALOG_COMPILER_APPICON_NAME = AppIcon;
				CODE_SIGN_STYLE = Automatic;
				DEVELOPMENT_TEAM = ZEKMNK5YD3;
				INFOPLIST_FILE = "NYTBooks-Group-Project/Info.plist";
				LD_RUNPATH_SEARCH_PATHS = (
					"$(inherited)",
					"@executable_path/Frameworks",
				);
				PRODUCT_BUNDLE_IDENTIFIER = "com.alexcpaul.NYTBooks-Group-Project";
				PRODUCT_NAME = "$(TARGET_NAME)";
				SWIFT_VERSION = 5.0;
				TARGETED_DEVICE_FAMILY = "1,2";
			};
			name = Debug;
		};
		57A06D8723EAD2AB00C1E00C /* Release */ = {
			isa = XCBuildConfiguration;
			buildSettings = {
				ASSETCATALOG_COMPILER_APPICON_NAME = AppIcon;
				CODE_SIGN_STYLE = Automatic;
				DEVELOPMENT_TEAM = ZEKMNK5YD3;
				INFOPLIST_FILE = "NYTBooks-Group-Project/Info.plist";
				LD_RUNPATH_SEARCH_PATHS = (
					"$(inherited)",
					"@executable_path/Frameworks",
				);
				PRODUCT_BUNDLE_IDENTIFIER = "com.alexcpaul.NYTBooks-Group-Project";
				PRODUCT_NAME = "$(TARGET_NAME)";
				SWIFT_VERSION = 5.0;
				TARGETED_DEVICE_FAMILY = "1,2";
			};
			name = Release;
		};
/* End XCBuildConfiguration section */

/* Begin XCConfigurationList section */
		57A06D6C23EAD2AA00C1E00C /* Build configuration list for PBXProject "NYTBooks-Group-Project" */ = {
			isa = XCConfigurationList;
			buildConfigurations = (
				57A06D8323EAD2AB00C1E00C /* Debug */,
				57A06D8423EAD2AB00C1E00C /* Release */,
			);
			defaultConfigurationIsVisible = 0;
			defaultConfigurationName = Release;
		};
		57A06D8523EAD2AB00C1E00C /* Build configuration list for PBXNativeTarget "NYTBooks-Group-Project" */ = {
			isa = XCConfigurationList;
			buildConfigurations = (
				57A06D8623EAD2AB00C1E00C /* Debug */,
				57A06D8723EAD2AB00C1E00C /* Release */,
			);
			defaultConfigurationIsVisible = 0;
			defaultConfigurationName = Release;
		};
/* End XCConfigurationList section */

/* Begin XCRemoteSwiftPackageReference section */
		57A06DA323EAD62600C1E00C /* XCRemoteSwiftPackageReference "ImageKit" */ = {
			isa = XCRemoteSwiftPackageReference;
			repositoryURL = "https://github.com/alexpaul/ImageKit";
			requirement = {
				kind = upToNextMajorVersion;
				minimumVersion = 1.0.4;
			};
		};
/* End XCRemoteSwiftPackageReference section */

/* Begin XCSwiftPackageProductDependency section */
		57A06DA423EAD62600C1E00C /* ImageKit */ = {
			isa = XCSwiftPackageProductDependency;
			package = 57A06DA323EAD62600C1E00C /* XCRemoteSwiftPackageReference "ImageKit" */;
			productName = ImageKit;
		};
/* End XCSwiftPackageProductDependency section */
	};
	rootObject = 57A06D6923EAD2AA00C1E00C /* Project object */;
}
